// !$*UTF8*$!
{
	archiveVersion = 1;
	classes = {
	};
	objectVersion = 55;
	objects = {

/* Begin PBXBuildFile section */
		0F40FA0E28325FC300165F0D /* DishInformationView.swift in Sources */ = {isa = PBXBuildFile; fileRef = 0F40FA0D28325FC300165F0D /* DishInformationView.swift */; };
		0F40FA11283265BD00165F0D /* SqlOperation.swift in Sources */ = {isa = PBXBuildFile; fileRef = 0F40FA10283265BD00165F0D /* SqlOperation.swift */; };
		0F50BF452832B37D0059AB82 /* SignInInfo.swift in Sources */ = {isa = PBXBuildFile; fileRef = 0F50BF442832B37D0059AB82 /* SignInInfo.swift */; };
		0F50BF472832C6F10059AB82 /* CreateAccountInfo.swift in Sources */ = {isa = PBXBuildFile; fileRef = 0F50BF462832C6F10059AB82 /* CreateAccountInfo.swift */; };
		0FE795FD283131C1006CF3AE /* OrderFoodApp.swift in Sources */ = {isa = PBXBuildFile; fileRef = 0FE795FC283131C1006CF3AE /* OrderFoodApp.swift */; };
		0FE795FF283131C1006CF3AE /* ContentView.swift in Sources */ = {isa = PBXBuildFile; fileRef = 0FE795FE283131C1006CF3AE /* ContentView.swift */; };
		0FE79601283131C8006CF3AE /* Assets.xcassets in Resources */ = {isa = PBXBuildFile; fileRef = 0FE79600283131C8006CF3AE /* Assets.xcassets */; };
		0FE79604283131C8006CF3AE /* Preview Assets.xcassets in Resources */ = {isa = PBXBuildFile; fileRef = 0FE79603283131C8006CF3AE /* Preview Assets.xcassets */; };
		0FE7960B28313784006CF3AE /* MenuView.swift in Sources */ = {isa = PBXBuildFile; fileRef = 0FE7960A28313784006CF3AE /* MenuView.swift */; };
		0FE7960D283137B1006CF3AE /* OrderedView.swift in Sources */ = {isa = PBXBuildFile; fileRef = 0FE7960C283137B1006CF3AE /* OrderedView.swift */; };
		0FE7960F283137EF006CF3AE /* ManageView.swift in Sources */ = {isa = PBXBuildFile; fileRef = 0FE7960E283137EF006CF3AE /* ManageView.swift */; };
		0FE7961128313839006CF3AE /* LoginView.swift in Sources */ = {isa = PBXBuildFile; fileRef = 0FE7961028313839006CF3AE /* LoginView.swift */; };
		0FE7961328313858006CF3AE /* CreateAccountView.swift in Sources */ = {isa = PBXBuildFile; fileRef = 0FE7961228313858006CF3AE /* CreateAccountView.swift */; };
		0FE7961628314B5D006CF3AE /* UserInfo.swift in Sources */ = {isa = PBXBuildFile; fileRef = 0FE7961528314B5D006CF3AE /* UserInfo.swift */; };
		0FE7961828315677006CF3AE /* UserInformationView.swift in Sources */ = {isa = PBXBuildFile; fileRef = 0FE7961728315677006CF3AE /* UserInformationView.swift */; };
		0FE7961A28316860006CF3AE /* UserSetting.swift in Sources */ = {isa = PBXBuildFile; fileRef = 0FE7961928316860006CF3AE /* UserSetting.swift */; };
		0FE7961C2831822D006CF3AE /* SingleDish.swift in Sources */ = {isa = PBXBuildFile; fileRef = 0FE7961B2831822D006CF3AE /* SingleDish.swift */; };
/* End PBXBuildFile section */

/* Begin PBXFileReference section */
		0F40FA0D28325FC300165F0D /* DishInformationView.swift */ = {isa = PBXFileReference; lastKnownFileType = sourcecode.swift; path = DishInformationView.swift; sourceTree = "<group>"; };
		0F40FA10283265BD00165F0D /* SqlOperation.swift */ = {isa = PBXFileReference; lastKnownFileType = sourcecode.swift; path = SqlOperation.swift; sourceTree = "<group>"; };
		0F50BF442832B37D0059AB82 /* SignInInfo.swift */ = {isa = PBXFileReference; lastKnownFileType = sourcecode.swift; path = SignInInfo.swift; sourceTree = "<group>"; };
		0F50BF462832C6F10059AB82 /* CreateAccountInfo.swift */ = {isa = PBXFileReference; lastKnownFileType = sourcecode.swift; path = CreateAccountInfo.swift; sourceTree = "<group>"; };
		0FE795F9283131C1006CF3AE /* OrderFood.app */ = {isa = PBXFileReference; explicitFileType = wrapper.application; includeInIndex = 0; path = OrderFood.app; sourceTree = BUILT_PRODUCTS_DIR; };
		0FE795FC283131C1006CF3AE /* OrderFoodApp.swift */ = {isa = PBXFileReference; lastKnownFileType = sourcecode.swift; path = OrderFoodApp.swift; sourceTree = "<group>"; };
		0FE795FE283131C1006CF3AE /* ContentView.swift */ = {isa = PBXFileReference; lastKnownFileType = sourcecode.swift; path = ContentView.swift; sourceTree = "<group>"; };
		0FE79600283131C8006CF3AE /* Assets.xcassets */ = {isa = PBXFileReference; lastKnownFileType = folder.assetcatalog; path = Assets.xcassets; sourceTree = "<group>"; };
		0FE79603283131C8006CF3AE /* Preview Assets.xcassets */ = {isa = PBXFileReference; lastKnownFileType = folder.assetcatalog; path = "Preview Assets.xcassets"; sourceTree = "<group>"; };
		0FE7960A28313784006CF3AE /* MenuView.swift */ = {isa = PBXFileReference; lastKnownFileType = sourcecode.swift; path = MenuView.swift; sourceTree = "<group>"; };
		0FE7960C283137B1006CF3AE /* OrderedView.swift */ = {isa = PBXFileReference; lastKnownFileType = sourcecode.swift; path = OrderedView.swift; sourceTree = "<group>"; };
		0FE7960E283137EF006CF3AE /* ManageView.swift */ = {isa = PBXFileReference; lastKnownFileType = sourcecode.swift; path = ManageView.swift; sourceTree = "<group>"; };
		0FE7961028313839006CF3AE /* LoginView.swift */ = {isa = PBXFileReference; lastKnownFileType = sourcecode.swift; path = LoginView.swift; sourceTree = "<group>"; };
		0FE7961228313858006CF3AE /* CreateAccountView.swift */ = {isa = PBXFileReference; lastKnownFileType = sourcecode.swift; path = CreateAccountView.swift; sourceTree = "<group>"; };
		0FE7961528314B5D006CF3AE /* UserInfo.swift */ = {isa = PBXFileReference; lastKnownFileType = sourcecode.swift; path = UserInfo.swift; sourceTree = "<group>"; };
		0FE7961728315677006CF3AE /* UserInformationView.swift */ = {isa = PBXFileReference; lastKnownFileType = sourcecode.swift; path = UserInformationView.swift; sourceTree = "<group>"; };
		0FE7961928316860006CF3AE /* UserSetting.swift */ = {isa = PBXFileReference; lastKnownFileType = sourcecode.swift; path = UserSetting.swift; sourceTree = "<group>"; };
		0FE7961B2831822D006CF3AE /* SingleDish.swift */ = {isa = PBXFileReference; lastKnownFileType = sourcecode.swift; path = SingleDish.swift; sourceTree = "<group>"; };
/* End PBXFileReference section */

/* Begin PBXFrameworksBuildPhase section */
		0FE795F6283131C1006CF3AE /* Frameworks */ = {
			isa = PBXFrameworksBuildPhase;
			buildActionMask = 2147483647;
			files = (
			);
			runOnlyForDeploymentPostprocessing = 0;
		};
/* End PBXFrameworksBuildPhase section */

/* Begin PBXGroup section */
		0F40FA0F283265A400165F0D /* Sqlite */ = {
			isa = PBXGroup;
			children = (
				0F40FA10283265BD00165F0D /* SqlOperation.swift */,
			);
			path = Sqlite;
			sourceTree = "<group>";
		};
		0FE795F0283131C1006CF3AE = {
			isa = PBXGroup;
			children = (
				0FE795FB283131C1006CF3AE /* OrderFood */,
				0FE795FA283131C1006CF3AE /* Products */,
			);
			sourceTree = "<group>";
		};
		0FE795FA283131C1006CF3AE /* Products */ = {
			isa = PBXGroup;
			children = (
				0FE795F9283131C1006CF3AE /* OrderFood.app */,
			);
			name = Products;
			sourceTree = "<group>";
		};
		0FE795FB283131C1006CF3AE /* OrderFood */ = {
			isa = PBXGroup;
			children = (
				0F40FA0F283265A400165F0D /* Sqlite */,
				0FE7961428314B19006CF3AE /* Model */,
				0FE795FC283131C1006CF3AE /* OrderFoodApp.swift */,
				0FE795FE283131C1006CF3AE /* ContentView.swift */,
				0FE7961028313839006CF3AE /* LoginView.swift */,
				0FE7961228313858006CF3AE /* CreateAccountView.swift */,
				0FE7961728315677006CF3AE /* UserInformationView.swift */,
				0FE7960A28313784006CF3AE /* MenuView.swift */,
				0FE7960C283137B1006CF3AE /* OrderedView.swift */,
				0FE7960E283137EF006CF3AE /* ManageView.swift */,
				0F40FA0D28325FC300165F0D /* DishInformationView.swift */,
				0FE79600283131C8006CF3AE /* Assets.xcassets */,
				0FE79602283131C8006CF3AE /* Preview Content */,
			);
			path = OrderFood;
			sourceTree = "<group>";
		};
		0FE79602283131C8006CF3AE /* Preview Content */ = {
			isa = PBXGroup;
			children = (
				0FE79603283131C8006CF3AE /* Preview Assets.xcassets */,
			);
			path = "Preview Content";
			sourceTree = "<group>";
		};
		0FE7961428314B19006CF3AE /* Model */ = {
			isa = PBXGroup;
			children = (
				0F50BF442832B37D0059AB82 /* SignInInfo.swift */,
				0F50BF462832C6F10059AB82 /* CreateAccountInfo.swift */,
				0FE7961528314B5D006CF3AE /* UserInfo.swift */,
				0FE7961928316860006CF3AE /* UserSetting.swift */,
				0FE7961B2831822D006CF3AE /* SingleDish.swift */,
			);
			path = Model;
			sourceTree = "<group>";
		};
/* End PBXGroup section */

/* Begin PBXNativeTarget section */
		0FE795F8283131C1006CF3AE /* OrderFood */ = {
			isa = PBXNativeTarget;
			buildConfigurationList = 0FE79607283131C8006CF3AE /* Build configuration list for PBXNativeTarget "OrderFood" */;
			buildPhases = (
				0FE795F5283131C1006CF3AE /* Sources */,
				0FE795F6283131C1006CF3AE /* Frameworks */,
				0FE795F7283131C1006CF3AE /* Resources */,
			);
			buildRules = (
			);
			dependencies = (
			);
			name = OrderFood;
			productName = OrderFood;
			productReference = 0FE795F9283131C1006CF3AE /* OrderFood.app */;
			productType = "com.apple.product-type.application";
		};
/* End PBXNativeTarget section */

/* Begin PBXProject section */
		0FE795F1283131C1006CF3AE /* Project object */ = {
			isa = PBXProject;
			attributes = {
				BuildIndependentTargetsInParallel = 1;
				LastSwiftUpdateCheck = 1330;
				LastUpgradeCheck = 1330;
				TargetAttributes = {
					0FE795F8283131C1006CF3AE = {
						CreatedOnToolsVersion = 13.3.1;
					};
				};
			};
			buildConfigurationList = 0FE795F4283131C1006CF3AE /* Build configuration list for PBXProject "OrderFood" */;
			compatibilityVersion = "Xcode 13.0";
			developmentRegion = en;
			hasScannedForEncodings = 0;
			knownRegions = (
				en,
				Base,
			);
			mainGroup = 0FE795F0283131C1006CF3AE;
			productRefGroup = 0FE795FA283131C1006CF3AE /* Products */;
			projectDirPath = "";
			projectRoot = "";
			targets = (
				0FE795F8283131C1006CF3AE /* OrderFood */,
			);
		};
/* End PBXProject section */

/* Begin PBXResourcesBuildPhase section */
		0FE795F7283131C1006CF3AE /* Resources */ = {
			isa = PBXResourcesBuildPhase;
			buildActionMask = 2147483647;
			files = (
				0FE79604283131C8006CF3AE /* Preview Assets.xcassets in Resources */,
				0FE79601283131C8006CF3AE /* Assets.xcassets in Resources */,
			);
			runOnlyForDeploymentPostprocessing = 0;
		};
/* End PBXResourcesBuildPhase section */

/* Begin PBXSourcesBuildPhase section */
		0FE795F5283131C1006CF3AE /* Sources */ = {
			isa = PBXSourcesBuildPhase;
			buildActionMask = 2147483647;
			files = (
				0F40FA11283265BD00165F0D /* SqlOperation.swift in Sources */,
				0FE7961128313839006CF3AE /* LoginView.swift in Sources */,
				0F50BF472832C6F10059AB82 /* CreateAccountInfo.swift in Sources */,
				0F40FA0E28325FC300165F0D /* DishInformationView.swift in Sources */,
				0FE7960D283137B1006CF3AE /* OrderedView.swift in Sources */,
				0FE7960F283137EF006CF3AE /* ManageView.swift in Sources */,
				0FE7961A28316860006CF3AE /* UserSetting.swift in Sources */,
				0FE7961328313858006CF3AE /* CreateAccountView.swift in Sources */,
				0FE7961828315677006CF3AE /* UserInformationView.swift in Sources */,
				0FE7961628314B5D006CF3AE /* UserInfo.swift in Sources */,
				0FE7961C2831822D006CF3AE /* SingleDish.swift in Sources */,
				0FE795FF283131C1006CF3AE /* ContentView.swift in Sources */,
				0FE7960B28313784006CF3AE /* MenuView.swift in Sources */,
				0FE795FD283131C1006CF3AE /* OrderFoodApp.swift in Sources */,
				0F50BF452832B37D0059AB82 /* SignInInfo.swift in Sources */,
			);
			runOnlyForDeploymentPostprocessing = 0;
		};
/* End PBXSourcesBuildPhase section */

/* Begin XCBuildConfiguration section */
		0FE79605283131C8006CF3AE /* Debug */ = {
			isa = XCBuildConfiguration;
			buildSettings = {
				ALWAYS_SEARCH_USER_PATHS = NO;
				CLANG_ANALYZER_NONNULL = YES;
				CLANG_ANALYZER_NUMBER_OBJECT_CONVERSION = YES_AGGRESSIVE;
				CLANG_CXX_LANGUAGE_STANDARD = "gnu++17";
				CLANG_ENABLE_MODULES = YES;
				CLANG_ENABLE_OBJC_ARC = YES;
				CLANG_ENABLE_OBJC_WEAK = YES;
				CLANG_WARN_BLOCK_CAPTURE_AUTORELEASING = YES;
				CLANG_WARN_BOOL_CONVERSION = YES;
				CLANG_WARN_COMMA = YES;
				CLANG_WARN_CONSTANT_CONVERSION = YES;
				CLANG_WARN_DEPRECATED_OBJC_IMPLEMENTATIONS = YES;
				CLANG_WARN_DIRECT_OBJC_ISA_USAGE = YES_ERROR;
				CLANG_WARN_DOCUMENTATION_COMMENTS = YES;
				CLANG_WARN_EMPTY_BODY = YES;
				CLANG_WARN_ENUM_CONVERSION = YES;
				CLANG_WARN_INFINITE_RECURSION = YES;
				CLANG_WARN_INT_CONVERSION = YES;
				CLANG_WARN_NON_LITERAL_NULL_CONVERSION = YES;
				CLANG_WARN_OBJC_IMPLICIT_RETAIN_SELF = YES;
				CLANG_WARN_OBJC_LITERAL_CONVERSION = YES;
				CLANG_WARN_OBJC_ROOT_CLASS = YES_ERROR;
				CLANG_WARN_QUOTED_INCLUDE_IN_FRAMEWORK_HEADER = YES;
				CLANG_WARN_RANGE_LOOP_ANALYSIS = YES;
				CLANG_WARN_STRICT_PROTOTYPES = YES;
				CLANG_WARN_SUSPICIOUS_MOVE = YES;
				CLANG_WARN_UNGUARDED_AVAILABILITY = YES_AGGRESSIVE;
				CLANG_WARN_UNREACHABLE_CODE = YES;
				CLANG_WARN__DUPLICATE_METHOD_MATCH = YES;
				COPY_PHASE_STRIP = NO;
				DEBUG_INFORMATION_FORMAT = dwarf;
				ENABLE_STRICT_OBJC_MSGSEND = YES;
				ENABLE_TESTABILITY = YES;
				GCC_C_LANGUAGE_STANDARD = gnu11;
				GCC_DYNAMIC_NO_PIC = NO;
				GCC_NO_COMMON_BLOCKS = YES;
				GCC_OPTIMIZATION_LEVEL = 0;
				GCC_PREPROCESSOR_DEFINITIONS = (
					"DEBUG=1",
					"$(inherited)",
				);
				GCC_WARN_64_TO_32_BIT_CONVERSION = YES;
				GCC_WARN_ABOUT_RETURN_TYPE = YES_ERROR;
				GCC_WARN_UNDECLARED_SELECTOR = YES;
				GCC_WARN_UNINITIALIZED_AUTOS = YES_AGGRESSIVE;
				GCC_WARN_UNUSED_FUNCTION = YES;
				GCC_WARN_UNUSED_VARIABLE = YES;
				IPHONEOS_DEPLOYMENT_TARGET = 15.4;
				MTL_ENABLE_DEBUG_INFO = INCLUDE_SOURCE;
				MTL_FAST_MATH = YES;
				ONLY_ACTIVE_ARCH = YES;
				SDKROOT = iphoneos;
				SWIFT_ACTIVE_COMPILATION_CONDITIONS = DEBUG;
				SWIFT_OPTIMIZATION_LEVEL = "-Onone";
			};
			name = Debug;
		};
		0FE79606283131C8006CF3AE /* Release */ = {
			isa = XCBuildConfiguration;
			buildSettings = {
				ALWAYS_SEARCH_USER_PATHS = NO;
				CLANG_ANALYZER_NONNULL = YES;
				CLANG_ANALYZER_NUMBER_OBJECT_CONVERSION = YES_AGGRESSIVE;
				CLANG_CXX_LANGUAGE_STANDARD = "gnu++17";
				CLANG_ENABLE_MODULES = YES;
				CLANG_ENABLE_OBJC_ARC = YES;
				CLANG_ENABLE_OBJC_WEAK = YES;
				CLANG_WARN_BLOCK_CAPTURE_AUTORELEASING = YES;
				CLANG_WARN_BOOL_CONVERSION = YES;
				CLANG_WARN_COMMA = YES;
				CLANG_WARN_CONSTANT_CONVERSION = YES;
				CLANG_WARN_DEPRECATED_OBJC_IMPLEMENTATIONS = YES;
				CLANG_WARN_DIRECT_OBJC_ISA_USAGE = YES_ERROR;
				CLANG_WARN_DOCUMENTATION_COMMENTS = YES;
				CLANG_WARN_EMPTY_BODY = YES;
				CLANG_WARN_ENUM_CONVERSION = YES;
				CLANG_WARN_INFINITE_RECURSION = YES;
				CLANG_WARN_INT_CONVERSION = YES;
				CLANG_WARN_NON_LITERAL_NULL_CONVERSION = YES;
				CLANG_WARN_OBJC_IMPLICIT_RETAIN_SELF = YES;
				CLANG_WARN_OBJC_LITERAL_CONVERSION = YES;
				CLANG_WARN_OBJC_ROOT_CLASS = YES_ERROR;
				CLANG_WARN_QUOTED_INCLUDE_IN_FRAMEWORK_HEADER = YES;
				CLANG_WARN_RANGE_LOOP_ANALYSIS = YES;
				CLANG_WARN_STRICT_PROTOTYPES = YES;
				CLANG_WARN_SUSPICIOUS_MOVE = YES;
				CLANG_WARN_UNGUARDED_AVAILABILITY = YES_AGGRESSIVE;
				CLANG_WARN_UNREACHABLE_CODE = YES;
				CLANG_WARN__DUPLICATE_METHOD_MATCH = YES;
				COPY_PHASE_STRIP = NO;
				DEBUG_INFORMATION_FORMAT = "dwarf-with-dsym";
				ENABLE_NS_ASSERTIONS = NO;
				ENABLE_STRICT_OBJC_MSGSEND = YES;
				GCC_C_LANGUAGE_STANDARD = gnu11;
				GCC_NO_COMMON_BLOCKS = YES;
				GCC_WARN_64_TO_32_BIT_CONVERSION = YES;
				GCC_WARN_ABOUT_RETURN_TYPE = YES_ERROR;
				GCC_WARN_UNDECLARED_SELECTOR = YES;
				GCC_WARN_UNINITIALIZED_AUTOS = YES_AGGRESSIVE;
				GCC_WARN_UNUSED_FUNCTION = YES;
				GCC_WARN_UNUSED_VARIABLE = YES;
				IPHONEOS_DEPLOYMENT_TARGET = 15.4;
				MTL_ENABLE_DEBUG_INFO = NO;
				MTL_FAST_MATH = YES;
				SDKROOT = iphoneos;
				SWIFT_COMPILATION_MODE = wholemodule;
				SWIFT_OPTIMIZATION_LEVEL = "-O";
				VALIDATE_PRODUCT = YES;
			};
			name = Release;
		};
		0FE79608283131C8006CF3AE /* Debug */ = {
			isa = XCBuildConfiguration;
			buildSettings = {
				ASSETCATALOG_COMPILER_APPICON_NAME = AppIcon;
				ASSETCATALOG_COMPILER_GLOBAL_ACCENT_COLOR_NAME = AccentColor;
				CODE_SIGN_STYLE = Manual;
				CURRENT_PROJECT_VERSION = 1;
				DEVELOPMENT_ASSET_PATHS = "\"OrderFood/Preview Content\"";
				DEVELOPMENT_TEAM = "";
				ENABLE_PREVIEWS = YES;
				GENERATE_INFOPLIST_FILE = YES;
				INFOPLIST_KEY_UIApplicationSceneManifest_Generation = YES;
				INFOPLIST_KEY_UIApplicationSupportsIndirectInputEvents = YES;
				INFOPLIST_KEY_UILaunchScreen_Generation = YES;
				INFOPLIST_KEY_UISupportedInterfaceOrientations_iPad = "UIInterfaceOrientationPortrait UIInterfaceOrientationPortraitUpsideDown UIInterfaceOrientationLandscapeLeft UIInterfaceOrientationLandscapeRight";
				INFOPLIST_KEY_UISupportedInterfaceOrientations_iPhone = "UIInterfaceOrientationPortrait UIInterfaceOrientationLandscapeLeft UIInterfaceOrientationLandscapeRight";
				LD_RUNPATH_SEARCH_PATHS = (
					"$(inherited)",
					"@executable_path/Frameworks",
				);
				MARKETING_VERSION = 1.1;
				PRODUCT_BUNDLE_IDENTIFIER = AAA.OrderFood;
				PRODUCT_NAME = "$(TARGET_NAME)";
				PROVISIONING_PROFILE_SPECIFIER = "";
				SWIFT_EMIT_LOC_STRINGS = YES;
				SWIFT_VERSION = 5.0;
				TARGETED_DEVICE_FAMILY = "1,2";
			};
			name = Debug;
		};
		0FE79609283131C8006CF3AE /* Release */ = {
			isa = XCBuildConfiguration;
			buildSettings = {
				ASSETCATALOG_COMPILER_APPICON_NAME = AppIcon;
				ASSETCATALOG_COMPILER_GLOBAL_ACCENT_COLOR_NAME = AccentColor;
				CODE_SIGN_STYLE = Manual;
				CURRENT_PROJECT_VERSION = 1;
				DEVELOPMENT_ASSET_PATHS = "\"OrderFood/Preview Content\"";
				DEVELOPMENT_TEAM = "";
				ENABLE_PREVIEWS = YES;
				GENERATE_INFOPLIST_FILE = YES;
				INFOPLIST_KEY_UIApplicationSceneManifest_Generation = YES;
				INFOPLIST_KEY_UIApplicationSupportsIndirectInputEvents = YES;
				INFOPLIST_KEY_UILaunchScreen_Generation = YES;
				INFOPLIST_KEY_UISupportedInterfaceOrientations_iPad = "UIInterfaceOrientationPortrait UIInterfaceOrientationPortraitUpsideDown UIInterfaceOrientationLandscapeLeft UIInterfaceOrientationLandscapeRight";
				INFOPLIST_KEY_UISupportedInterfaceOrientations_iPhone = "UIInterfaceOrientationPortrait UIInterfaceOrientationLandscapeLeft UIInterfaceOrientationLandscapeRight";
				LD_RUNPATH_SEARCH_PATHS = (
					"$(inherited)",
					"@executable_path/Frameworks",
				);
				MARKETING_VERSION = 1.1;
				PRODUCT_BUNDLE_IDENTIFIER = AAA.OrderFood;
				PRODUCT_NAME = "$(TARGET_NAME)";
				PROVISIONING_PROFILE_SPECIFIER = "";
				SWIFT_EMIT_LOC_STRINGS = YES;
				SWIFT_VERSION = 5.0;
				TARGETED_DEVICE_FAMILY = "1,2";
			};
			name = Release;
		};
/* End XCBuildConfiguration section */

/* Begin XCConfigurationList section */
		0FE795F4283131C1006CF3AE /* Build configuration list for PBXProject "OrderFood" */ = {
			isa = XCConfigurationList;
			buildConfigurations = (
				0FE79605283131C8006CF3AE /* Debug */,
				0FE79606283131C8006CF3AE /* Release */,
			);
			defaultConfigurationIsVisible = 0;
			defaultConfigurationName = Release;
		};
		0FE79607283131C8006CF3AE /* Build configuration list for PBXNativeTarget "OrderFood" */ = {
			isa = XCConfigurationList;
			buildConfigurations = (
				0FE79608283131C8006CF3AE /* Debug */,
				0FE79609283131C8006CF3AE /* Release */,
			);
			defaultConfigurationIsVisible = 0;
			defaultConfigurationName = Release;
		};
/* End XCConfigurationList section */
	};
	rootObject = 0FE795F1283131C1006CF3AE /* Project object */;
}
